# THIS IS AN AUTOGENERATED FILE. DO NOT EDIT THIS FILE DIRECTLY.
# yarn lockfile v1


"@types/aws-lambda@^8.10.51":
  version "8.10.51"
  resolved "https://registry.yarnpkg.com/@types/aws-lambda/-/aws-lambda-8.10.51.tgz#7ad774507a3cf1d2e949ca305380c23b5af635a0"
  integrity sha512-XK7RerpXj4r+IO0r7qIeNqUSU6L4qhPMwNhISxozJJiUX/jdXj9WYzTShRVisEcUQHXgJ4TTBqTArM8f9Mjb8g==

"@types/node@^14.0.5":
  version "14.0.5"
  resolved "https://registry.yarnpkg.com/@types/node/-/node-14.0.5.tgz#3d03acd3b3414cf67faf999aed11682ed121f22b"
  integrity sha512-90hiq6/VqtQgX8Sp0EzeIsv3r+ellbGj4URKj5j30tLlZvRUpnAe9YbYnjl3pJM93GyXU0tghHhvXHq+5rnCKA==

typescript@^3.9.3:
  version "3.9.3"
  resolved "https://registry.yarnpkg.com/typescript/-/typescript-3.9.3.tgz#d3ac8883a97c26139e42df5e93eeece33d610b8a"
  integrity sha512-D/wqnB2xzNFIcoBG9FG8cXRDjiqSTbG2wd8DMZeQyJlP1vfTkIxH4GKveWaEBYySKIg+USu+E+EDIR47SqnaMQ==
